
Microsoft Visual Studio Solution File, Format Version 12.00
# Visual Studio Version 17
VisualStudioVersion = 17.2.32630.192
MinimumVisualStudioVersion = 10.0.40219.1
Project("{FAE04EC0-301F-11D3-BF4B-00C04F79EFBC}") = "Lesson36.DI", "Lesson36.DI\Lesson36.DI.csproj", "{22969D51-79FA-4E28-B387-D9368BA41C77}"
EndProject
Project("{FAE04EC0-301F-11D3-BF4B-00C04F79EFBC}") = "Lesson36.DataAccess", "Lesson36.DataAccess\Lesson36.DataAccess.csproj", "{F52D9D7F-8F05-45D2-A743-2A9451FF9113}"
EndProject
Project("{FAE04EC0-301F-11D3-BF4B-00C04F79EFBC}") = "Lesson36.Entities", "Entities\Lesson36.Entities.csproj", "{84F0CC52-BDA9-4680-9673-7B6AA6C95759}"
EndProject
Global
	GlobalSection(SolutionConfigurationPlatforms) = preSolution
		Debug|Any CPU = Debug|Any CPU
		Release|Any CPU = Release|Any CPU
	EndGlobalSection
	GlobalSection(ProjectConfigurationPlatforms) = postSolution
		{22969D51-79FA-4E28-B387-D9368BA41C77}.Debug|Any CPU.ActiveCfg = Debug|Any CPU
		{22969D51-79FA-4E28-B387-D9368BA41C77}.Debug|Any CPU.Build.0 = Debug|Any CPU
		{22969D51-79FA-4E28-B387-D9368BA41C77}.Release|Any CPU.ActiveCfg = Release|Any CPU
		{22969D51-79FA-4E28-B387-D9368BA41C77}.Release|Any CPU.Build.0 = Release|Any CPU
		{F52D9D7F-8F05-45D2-A743-2A9451FF9113}.Debug|Any CPU.ActiveCfg = Debug|Any CPU
		{F52D9D7F-8F05-45D2-A743-2A9451FF9113}.Debug|Any CPU.Build.0 = Debug|Any CPU
		{F52D9D7F-8F05-45D2-A743-2A9451FF9113}.Release|Any CPU.ActiveCfg = Release|Any CPU
		{F52D9D7F-8F05-45D2-A743-2A9451FF9113}.Release|Any CPU.Build.0 = Release|Any CPU
		{84F0CC52-BDA9-4680-9673-7B6AA6C95759}.Debug|Any CPU.ActiveCfg = Debug|Any CPU
		{84F0CC52-BDA9-4680-9673-7B6AA6C95759}.Debug|Any CPU.Build.0 = Debug|Any CPU
		{84F0CC52-BDA9-4680-9673-7B6AA6C95759}.Release|Any CPU.ActiveCfg = Release|Any CPU
		{84F0CC52-BDA9-4680-9673-7B6AA6C95759}.Release|Any CPU.Build.0 = Release|Any CPU
	EndGlobalSection
	GlobalSection(SolutionProperties) = preSolution
		HideSolutionNode = FALSE
	EndGlobalSection
	GlobalSection(ExtensibilityGlobals) = postSolution
		SolutionGuid = {BABBD997-33F2-426E-82D3-AD77573293E5}
	EndGlobalSection
EndGlobal
