
Microsoft Visual Studio Solution File, Format Version 12.00
# Visual Studio Version 16
VisualStudioVersion = 16.0.31624.102
MinimumVisualStudioVersion = 10.0.40219.1
Project("{FAE04EC0-301F-11D3-BF4B-00C04F79EFBC}") = "Classwork.Lesson-02-Data-Types", "Classwork.Lesson-02-Data-Types\Classwork.Lesson-02-Data-Types.csproj", "{CBDAD609-C37E-43A3-A875-A1E76B6DC919}"
EndProject
Global
	GlobalSection(SolutionConfigurationPlatforms) = preSolution
		Debug|Any CPU = Debug|Any CPU
		Release|Any CPU = Release|Any CPU
	EndGlobalSection
	GlobalSection(ProjectConfigurationPlatforms) = postSolution
		{CBDAD609-C37E-43A3-A875-A1E76B6DC919}.Debug|Any CPU.ActiveCfg = Debug|Any CPU
		{CBDAD609-C37E-43A3-A875-A1E76B6DC919}.Debug|Any CPU.Build.0 = Debug|Any CPU
		{CBDAD609-C37E-43A3-A875-A1E76B6DC919}.Release|Any CPU.ActiveCfg = Release|Any CPU
		{CBDAD609-C37E-43A3-A875-A1E76B6DC919}.Release|Any CPU.Build.0 = Release|Any CPU
	EndGlobalSection
	GlobalSection(SolutionProperties) = preSolution
		HideSolutionNode = FALSE
	EndGlobalSection
	GlobalSection(ExtensibilityGlobals) = postSolution
		SolutionGuid = {BBA71AEC-94F1-46DB-BD72-1A9183A9D626}
	EndGlobalSection
EndGlobal
